// !$*UTF8*$!
{
	archiveVersion = 1;
	classes = {
	};
	objectVersion = 55;
	objects = {

/* Begin PBXBuildFile section */
		4C2F33E528A99E03007A28B3 /* BarCrawlrV2App.swift in Sources */ = {isa = PBXBuildFile; fileRef = 4C2F33E428A99E03007A28B3 /* BarCrawlrV2App.swift */; };
		4C2F33E728A99E03007A28B3 /* ContentView.swift in Sources */ = {isa = PBXBuildFile; fileRef = 4C2F33E628A99E03007A28B3 /* ContentView.swift */; };
		4C2F33E928A99E03007A28B3 /* Assets.xcassets in Resources */ = {isa = PBXBuildFile; fileRef = 4C2F33E828A99E03007A28B3 /* Assets.xcassets */; };
		4C2F33EC28A99E03007A28B3 /* Preview Assets.xcassets in Resources */ = {isa = PBXBuildFile; fileRef = 4C2F33EB28A99E03007A28B3 /* Preview Assets.xcassets */; };
		4C2F33F828A9A09C007A28B3 /* HomeView.swift in Sources */ = {isa = PBXBuildFile; fileRef = 4C2F33F728A9A09C007A28B3 /* HomeView.swift */; };
		4C2F340528AD98B6007A28B3 /* TabBarView.swift in Sources */ = {isa = PBXBuildFile; fileRef = 4C2F340428AD98B6007A28B3 /* TabBarView.swift */; };
		4CD78AB42ABC854400D79667 /* BarViewObject.swift in Sources */ = {isa = PBXBuildFile; fileRef = 4CD78AB32ABC854400D79667 /* BarViewObject.swift */; };
		4CD78AB62ABC86E400D79667 /* HomeViewModel.swift in Sources */ = {isa = PBXBuildFile; fileRef = 4CD78AB52ABC86E400D79667 /* HomeViewModel.swift */; };
		4CD78ABA2ABC906200D79667 /* NetworkController.swift in Sources */ = {isa = PBXBuildFile; fileRef = 4CD78AB92ABC906200D79667 /* NetworkController.swift */; };
		4CD78ABF2ABC90E300D79667 /* YelpDataModel.swift in Sources */ = {isa = PBXBuildFile; fileRef = 4CD78ABE2ABC90E300D79667 /* YelpDataModel.swift */; };
		4CD78AC12ABCC8EE00D79667 /* LocationClient.swift in Sources */ = {isa = PBXBuildFile; fileRef = 4CD78AC02ABCC8EE00D79667 /* LocationClient.swift */; };
		4CF3462628F3222400F48F76 /* CoreDataController.swift in Sources */ = {isa = PBXBuildFile; fileRef = 4CF3462528F3222400F48F76 /* CoreDataController.swift */; };
		4CF3462A28F3231500F48F76 /* User.xcdatamodeld in Sources */ = {isa = PBXBuildFile; fileRef = 4CF3462828F3231500F48F76 /* User.xcdatamodeld */; };
		4CF3462C28F3335B00F48F76 /* MapAnnotation.swift in Sources */ = {isa = PBXBuildFile; fileRef = 4CF3462B28F3335B00F48F76 /* MapAnnotation.swift */; };
/* End PBXBuildFile section */

/* Begin PBXFileReference section */
		4C2F33E128A99E03007A28B3 /* BarCrawlrV2.app */ = {isa = PBXFileReference; explicitFileType = wrapper.application; includeInIndex = 0; path = BarCrawlrV2.app; sourceTree = BUILT_PRODUCTS_DIR; };
		4C2F33E428A99E03007A28B3 /* BarCrawlrV2App.swift */ = {isa = PBXFileReference; lastKnownFileType = sourcecode.swift; path = BarCrawlrV2App.swift; sourceTree = "<group>"; };
		4C2F33E628A99E03007A28B3 /* ContentView.swift */ = {isa = PBXFileReference; lastKnownFileType = sourcecode.swift; path = ContentView.swift; sourceTree = "<group>"; };
		4C2F33E828A99E03007A28B3 /* Assets.xcassets */ = {isa = PBXFileReference; lastKnownFileType = folder.assetcatalog; path = Assets.xcassets; sourceTree = "<group>"; };
		4C2F33EB28A99E03007A28B3 /* Preview Assets.xcassets */ = {isa = PBXFileReference; lastKnownFileType = folder.assetcatalog; path = "Preview Assets.xcassets"; sourceTree = "<group>"; };
		4C2F33F728A9A09C007A28B3 /* HomeView.swift */ = {isa = PBXFileReference; lastKnownFileType = sourcecode.swift; path = HomeView.swift; sourceTree = "<group>"; };
		4C2F340428AD98B6007A28B3 /* TabBarView.swift */ = {isa = PBXFileReference; lastKnownFileType = sourcecode.swift; path = TabBarView.swift; sourceTree = "<group>"; };
		4CD78AB32ABC854400D79667 /* BarViewObject.swift */ = {isa = PBXFileReference; lastKnownFileType = sourcecode.swift; path = BarViewObject.swift; sourceTree = "<group>"; };
		4CD78AB52ABC86E400D79667 /* HomeViewModel.swift */ = {isa = PBXFileReference; lastKnownFileType = sourcecode.swift; path = HomeViewModel.swift; sourceTree = "<group>"; };
		4CD78AB92ABC906200D79667 /* NetworkController.swift */ = {isa = PBXFileReference; lastKnownFileType = sourcecode.swift; path = NetworkController.swift; sourceTree = "<group>"; };
		4CD78ABE2ABC90E300D79667 /* YelpDataModel.swift */ = {isa = PBXFileReference; lastKnownFileType = sourcecode.swift; path = YelpDataModel.swift; sourceTree = "<group>"; };
		4CD78AC02ABCC8EE00D79667 /* LocationClient.swift */ = {isa = PBXFileReference; lastKnownFileType = sourcecode.swift; path = LocationClient.swift; sourceTree = "<group>"; };
		4CF3462528F3222400F48F76 /* CoreDataController.swift */ = {isa = PBXFileReference; lastKnownFileType = sourcecode.swift; path = CoreDataController.swift; sourceTree = "<group>"; };
		4CF3462928F3231500F48F76 /* Model.xcdatamodel */ = {isa = PBXFileReference; lastKnownFileType = wrapper.xcdatamodel; path = Model.xcdatamodel; sourceTree = "<group>"; };
		4CF3462B28F3335B00F48F76 /* MapAnnotation.swift */ = {isa = PBXFileReference; lastKnownFileType = sourcecode.swift; path = MapAnnotation.swift; sourceTree = "<group>"; };
/* End PBXFileReference section */

/* Begin PBXFrameworksBuildPhase section */
		4C2F33DE28A99E03007A28B3 /* Frameworks */ = {
			isa = PBXFrameworksBuildPhase;
			buildActionMask = 2147483647;
			files = (
			);
			runOnlyForDeploymentPostprocessing = 0;
		};
/* End PBXFrameworksBuildPhase section */

/* Begin PBXGroup section */
		4C2F33D828A99E02007A28B3 = {
			isa = PBXGroup;
			children = (
				4C2F33E328A99E03007A28B3 /* BarCrawlrV2 */,
				4C2F33E228A99E03007A28B3 /* Products */,
			);
			sourceTree = "<group>";
		};
		4C2F33E228A99E03007A28B3 /* Products */ = {
			isa = PBXGroup;
			children = (
				4C2F33E128A99E03007A28B3 /* BarCrawlrV2.app */,
			);
			name = Products;
			sourceTree = "<group>";
		};
		4C2F33E328A99E03007A28B3 /* BarCrawlrV2 */ = {
			isa = PBXGroup;
			children = (
				4C2F33E428A99E03007A28B3 /* BarCrawlrV2App.swift */,
				4C2F33E628A99E03007A28B3 /* ContentView.swift */,
				4C2F33FA28A9A196007A28B3 /* model */,
				4C2F33F928A9A190007A28B3 /* view */,
				4CD78AB02ABC84A000D79667 /* viewModel */,
				4CF3462228F3208300F48F76 /* dependencies */,
				4C2F33E828A99E03007A28B3 /* Assets.xcassets */,
				4C2F33EA28A99E03007A28B3 /* Preview Content */,
			);
			path = BarCrawlrV2;
			sourceTree = "<group>";
		};
		4C2F33EA28A99E03007A28B3 /* Preview Content */ = {
			isa = PBXGroup;
			children = (
				4C2F33EB28A99E03007A28B3 /* Preview Assets.xcassets */,
			);
			path = "Preview Content";
			sourceTree = "<group>";
		};
		4C2F33F928A9A190007A28B3 /* view */ = {
			isa = PBXGroup;
			children = (
				4CD78AB82ABC871C00D79667 /* home */,
				4C2F340328AD98A2007A28B3 /* tabBar */,
				4CD78AB72ABC871400D79667 /* mapAnnotation */,
			);
			path = view;
			sourceTree = "<group>";
		};
		4C2F33FA28A9A196007A28B3 /* model */ = {
			isa = PBXGroup;
			children = (
				4CD78AB22ABC851400D79667 /* bar */,
			);
			path = model;
			sourceTree = "<group>";
		};
		4C2F340328AD98A2007A28B3 /* tabBar */ = {
			isa = PBXGroup;
			children = (
				4C2F340428AD98B6007A28B3 /* TabBarView.swift */,
			);
			path = tabBar;
			sourceTree = "<group>";
		};
		4CD78AB02ABC84A000D79667 /* viewModel */ = {
			isa = PBXGroup;
			children = (
				4CD78AB12ABC84CB00D79667 /* home */,
			);
			path = viewModel;
			sourceTree = "<group>";
		};
		4CD78AB12ABC84CB00D79667 /* home */ = {
			isa = PBXGroup;
			children = (
				4CD78AB52ABC86E400D79667 /* HomeViewModel.swift */,
			);
			path = home;
			sourceTree = "<group>";
		};
		4CD78AB22ABC851400D79667 /* bar */ = {
			isa = PBXGroup;
			children = (
				4CD78AB32ABC854400D79667 /* BarViewObject.swift */,
			);
			path = bar;
			sourceTree = "<group>";
		};
		4CD78AB72ABC871400D79667 /* mapAnnotation */ = {
			isa = PBXGroup;
			children = (
				4CF3462B28F3335B00F48F76 /* MapAnnotation.swift */,
			);
			path = mapAnnotation;
			sourceTree = "<group>";
		};
		4CD78AB82ABC871C00D79667 /* home */ = {
			isa = PBXGroup;
			children = (
				4C2F33F728A9A09C007A28B3 /* HomeView.swift */,
			);
			path = home;
			sourceTree = "<group>";
		};
		4CD78ABB2ABC906600D79667 /* networking */ = {
			isa = PBXGroup;
			children = (
				4CD78ABD2ABC90CD00D79667 /* yelpData */,
				4CD78AB92ABC906200D79667 /* NetworkController.swift */,
			);
			path = networking;
			sourceTree = "<group>";
		};
		4CD78ABC2ABC906C00D79667 /* coreData */ = {
			isa = PBXGroup;
			children = (
				4CF3462528F3222400F48F76 /* CoreDataController.swift */,
			);
			path = coreData;
			sourceTree = "<group>";
		};
		4CD78ABD2ABC90CD00D79667 /* yelpData */ = {
			isa = PBXGroup;
			children = (
				4CD78ABE2ABC90E300D79667 /* YelpDataModel.swift */,
			);
			path = yelpData;
			sourceTree = "<group>";
		};
		4CD78AC22ABCC9F200D79667 /* locationClient */ = {
			isa = PBXGroup;
			children = (
				4CD78AC02ABCC8EE00D79667 /* LocationClient.swift */,
			);
			path = locationClient;
			sourceTree = "<group>";
		};
		4CF3462228F3208300F48F76 /* dependencies */ = {
			isa = PBXGroup;
			children = (
				4CD78ABC2ABC906C00D79667 /* coreData */,
				4CF3462728F3230A00F48F76 /* userDataModel */,
				4CD78ABB2ABC906600D79667 /* networking */,
				4CD78AC22ABCC9F200D79667 /* locationClient */,
			);
			path = dependencies;
			sourceTree = "<group>";
		};
		4CF3462728F3230A00F48F76 /* userDataModel */ = {
			isa = PBXGroup;
			children = (
				4CF3462828F3231500F48F76 /* User.xcdatamodeld */,
			);
			path = userDataModel;
			sourceTree = "<group>";
		};
/* End PBXGroup section */

/* Begin PBXNativeTarget section */
		4C2F33E028A99E03007A28B3 /* BarCrawlrV2 */ = {
			isa = PBXNativeTarget;
			buildConfigurationList = 4C2F33F428A99E03007A28B3 /* Build configuration list for PBXNativeTarget "BarCrawlrV2" */;
			buildPhases = (
				4C2F33DD28A99E03007A28B3 /* Sources */,
				4C2F33DE28A99E03007A28B3 /* Frameworks */,
				4C2F33DF28A99E03007A28B3 /* Resources */,
			);
			buildRules = (
			);
			dependencies = (
			);
			name = BarCrawlrV2;
			productName = BarCrawlrV2;
			productReference = 4C2F33E128A99E03007A28B3 /* BarCrawlrV2.app */;
			productType = "com.apple.product-type.application";
		};
/* End PBXNativeTarget section */

/* Begin PBXProject section */
		4C2F33D928A99E02007A28B3 /* Project object */ = {
			isa = PBXProject;
			attributes = {
				BuildIndependentTargetsInParallel = 1;
				LastSwiftUpdateCheck = 1340;
				LastUpgradeCheck = 1340;
				TargetAttributes = {
					4C2F33E028A99E03007A28B3 = {
						CreatedOnToolsVersion = 13.4.1;
					};
				};
			};
			buildConfigurationList = 4C2F33DC28A99E02007A28B3 /* Build configuration list for PBXProject "BarCrawlrV2" */;
			compatibilityVersion = "Xcode 13.0";
			developmentRegion = en;
			hasScannedForEncodings = 0;
			knownRegions = (
				en,
				Base,
			);
			mainGroup = 4C2F33D828A99E02007A28B3;
			productRefGroup = 4C2F33E228A99E03007A28B3 /* Products */;
			projectDirPath = "";
			projectRoot = "";
			targets = (
				4C2F33E028A99E03007A28B3 /* BarCrawlrV2 */,
			);
		};
/* End PBXProject section */

/* Begin PBXResourcesBuildPhase section */
		4C2F33DF28A99E03007A28B3 /* Resources */ = {
			isa = PBXResourcesBuildPhase;
			buildActionMask = 2147483647;
			files = (
				4C2F33EC28A99E03007A28B3 /* Preview Assets.xcassets in Resources */,
				4C2F33E928A99E03007A28B3 /* Assets.xcassets in Resources */,
			);
			runOnlyForDeploymentPostprocessing = 0;
		};
/* End PBXResourcesBuildPhase section */

/* Begin PBXSourcesBuildPhase section */
		4C2F33DD28A99E03007A28B3 /* Sources */ = {
			isa = PBXSourcesBuildPhase;
			buildActionMask = 2147483647;
			files = (
				4CD78ABA2ABC906200D79667 /* NetworkController.swift in Sources */,
				4C2F33E728A99E03007A28B3 /* ContentView.swift in Sources */,
				4CD78AB62ABC86E400D79667 /* HomeViewModel.swift in Sources */,
				4C2F33F828A9A09C007A28B3 /* HomeView.swift in Sources */,
				4CF3462C28F3335B00F48F76 /* MapAnnotation.swift in Sources */,
				4C2F340528AD98B6007A28B3 /* TabBarView.swift in Sources */,
				4C2F33E528A99E03007A28B3 /* BarCrawlrV2App.swift in Sources */,
				4CD78AB42ABC854400D79667 /* BarViewObject.swift in Sources */,
				4CD78AC12ABCC8EE00D79667 /* LocationClient.swift in Sources */,
				4CF3462A28F3231500F48F76 /* User.xcdatamodeld in Sources */,
				4CD78ABF2ABC90E300D79667 /* YelpDataModel.swift in Sources */,
				4CF3462628F3222400F48F76 /* CoreDataController.swift in Sources */,
			);
			runOnlyForDeploymentPostprocessing = 0;
		};
/* End PBXSourcesBuildPhase section */

/* Begin XCBuildConfiguration section */
		4C2F33F228A99E03007A28B3 /* Debug */ = {
			isa = XCBuildConfiguration;
			buildSettings = {
				ALWAYS_SEARCH_USER_PATHS = NO;
				CLANG_ANALYZER_NONNULL = YES;
				CLANG_ANALYZER_NUMBER_OBJECT_CONVERSION = YES_AGGRESSIVE;
				CLANG_CXX_LANGUAGE_STANDARD = "gnu++17";
				CLANG_ENABLE_MODULES = YES;
				CLANG_ENABLE_OBJC_ARC = YES;
				CLANG_ENABLE_OBJC_WEAK = YES;
				CLANG_WARN_BLOCK_CAPTURE_AUTORELEASING = YES;
				CLANG_WARN_BOOL_CONVERSION = YES;
				CLANG_WARN_COMMA = YES;
				CLANG_WARN_CONSTANT_CONVERSION = YES;
				CLANG_WARN_DEPRECATED_OBJC_IMPLEMENTATIONS = YES;
				CLANG_WARN_DIRECT_OBJC_ISA_USAGE = YES_ERROR;
				CLANG_WARN_DOCUMENTATION_COMMENTS = YES;
				CLANG_WARN_EMPTY_BODY = YES;
				CLANG_WARN_ENUM_CONVERSION = YES;
				CLANG_WARN_INFINITE_RECURSION = YES;
				CLANG_WARN_INT_CONVERSION = YES;
				CLANG_WARN_NON_LITERAL_NULL_CONVERSION = YES;
				CLANG_WARN_OBJC_IMPLICIT_RETAIN_SELF = YES;
				CLANG_WARN_OBJC_LITERAL_CONVERSION = YES;
				CLANG_WARN_OBJC_ROOT_CLASS = YES_ERROR;
				CLANG_WARN_QUOTED_INCLUDE_IN_FRAMEWORK_HEADER = YES;
				CLANG_WARN_RANGE_LOOP_ANALYSIS = YES;
				CLANG_WARN_STRICT_PROTOTYPES = YES;
				CLANG_WARN_SUSPICIOUS_MOVE = YES;
				CLANG_WARN_UNGUARDED_AVAILABILITY = YES_AGGRESSIVE;
				CLANG_WARN_UNREACHABLE_CODE = YES;
				CLANG_WARN__DUPLICATE_METHOD_MATCH = YES;
				COPY_PHASE_STRIP = NO;
				DEBUG_INFORMATION_FORMAT = dwarf;
				ENABLE_STRICT_OBJC_MSGSEND = YES;
				ENABLE_TESTABILITY = YES;
				GCC_C_LANGUAGE_STANDARD = gnu11;
				GCC_DYNAMIC_NO_PIC = NO;
				GCC_NO_COMMON_BLOCKS = YES;
				GCC_OPTIMIZATION_LEVEL = 0;
				GCC_PREPROCESSOR_DEFINITIONS = (
					"DEBUG=1",
					"$(inherited)",
				);
				GCC_WARN_64_TO_32_BIT_CONVERSION = YES;
				GCC_WARN_ABOUT_RETURN_TYPE = YES_ERROR;
				GCC_WARN_UNDECLARED_SELECTOR = YES;
				GCC_WARN_UNINITIALIZED_AUTOS = YES_AGGRESSIVE;
				GCC_WARN_UNUSED_FUNCTION = YES;
				GCC_WARN_UNUSED_VARIABLE = YES;
				IPHONEOS_DEPLOYMENT_TARGET = 15.5;
				MTL_ENABLE_DEBUG_INFO = INCLUDE_SOURCE;
				MTL_FAST_MATH = YES;
				ONLY_ACTIVE_ARCH = YES;
				SDKROOT = iphoneos;
				SWIFT_ACTIVE_COMPILATION_CONDITIONS = DEBUG;
				SWIFT_OPTIMIZATION_LEVEL = "-Onone";
			};
			name = Debug;
		};
		4C2F33F328A99E03007A28B3 /* Release */ = {
			isa = XCBuildConfiguration;
			buildSettings = {
				ALWAYS_SEARCH_USER_PATHS = NO;
				CLANG_ANALYZER_NONNULL = YES;
				CLANG_ANALYZER_NUMBER_OBJECT_CONVERSION = YES_AGGRESSIVE;
				CLANG_CXX_LANGUAGE_STANDARD = "gnu++17";
				CLANG_ENABLE_MODULES = YES;
				CLANG_ENABLE_OBJC_ARC = YES;
				CLANG_ENABLE_OBJC_WEAK = YES;
				CLANG_WARN_BLOCK_CAPTURE_AUTORELEASING = YES;
				CLANG_WARN_BOOL_CONVERSION = YES;
				CLANG_WARN_COMMA = YES;
				CLANG_WARN_CONSTANT_CONVERSION = YES;
				CLANG_WARN_DEPRECATED_OBJC_IMPLEMENTATIONS = YES;
				CLANG_WARN_DIRECT_OBJC_ISA_USAGE = YES_ERROR;
				CLANG_WARN_DOCUMENTATION_COMMENTS = YES;
				CLANG_WARN_EMPTY_BODY = YES;
				CLANG_WARN_ENUM_CONVERSION = YES;
				CLANG_WARN_INFINITE_RECURSION = YES;
				CLANG_WARN_INT_CONVERSION = YES;
				CLANG_WARN_NON_LITERAL_NULL_CONVERSION = YES;
				CLANG_WARN_OBJC_IMPLICIT_RETAIN_SELF = YES;
				CLANG_WARN_OBJC_LITERAL_CONVERSION = YES;
				CLANG_WARN_OBJC_ROOT_CLASS = YES_ERROR;
				CLANG_WARN_QUOTED_INCLUDE_IN_FRAMEWORK_HEADER = YES;
				CLANG_WARN_RANGE_LOOP_ANALYSIS = YES;
				CLANG_WARN_STRICT_PROTOTYPES = YES;
				CLANG_WARN_SUSPICIOUS_MOVE = YES;
				CLANG_WARN_UNGUARDED_AVAILABILITY = YES_AGGRESSIVE;
				CLANG_WARN_UNREACHABLE_CODE = YES;
				CLANG_WARN__DUPLICATE_METHOD_MATCH = YES;
				COPY_PHASE_STRIP = NO;
				DEBUG_INFORMATION_FORMAT = "dwarf-with-dsym";
				ENABLE_NS_ASSERTIONS = NO;
				ENABLE_STRICT_OBJC_MSGSEND = YES;
				GCC_C_LANGUAGE_STANDARD = gnu11;
				GCC_NO_COMMON_BLOCKS = YES;
				GCC_WARN_64_TO_32_BIT_CONVERSION = YES;
				GCC_WARN_ABOUT_RETURN_TYPE = YES_ERROR;
				GCC_WARN_UNDECLARED_SELECTOR = YES;
				GCC_WARN_UNINITIALIZED_AUTOS = YES_AGGRESSIVE;
				GCC_WARN_UNUSED_FUNCTION = YES;
				GCC_WARN_UNUSED_VARIABLE = YES;
				IPHONEOS_DEPLOYMENT_TARGET = 15.5;
				MTL_ENABLE_DEBUG_INFO = NO;
				MTL_FAST_MATH = YES;
				SDKROOT = iphoneos;
				SWIFT_COMPILATION_MODE = wholemodule;
				SWIFT_OPTIMIZATION_LEVEL = "-O";
				VALIDATE_PRODUCT = YES;
			};
			name = Release;
		};
		4C2F33F528A99E03007A28B3 /* Debug */ = {
			isa = XCBuildConfiguration;
			buildSettings = {
				ASSETCATALOG_COMPILER_APPICON_NAME = AppIcon;
				ASSETCATALOG_COMPILER_GLOBAL_ACCENT_COLOR_NAME = AccentColor;
				CODE_SIGN_STYLE = Automatic;
				CURRENT_PROJECT_VERSION = 1;
				DEVELOPMENT_ASSET_PATHS = "\"BarCrawlrV2/Preview Content\"";
				DEVELOPMENT_TEAM = 3ZLX8VSJT3;
				ENABLE_PREVIEWS = YES;
				GENERATE_INFOPLIST_FILE = YES;
				INFOPLIST_KEY_NSLocationAlwaysAndWhenInUseUsageDescription = "We use your location to find bars near you";
				INFOPLIST_KEY_NSLocationWhenInUseUsageDescription = "We use your location to find bars near you";
				INFOPLIST_KEY_UIApplicationSceneManifest_Generation = YES;
				INFOPLIST_KEY_UIApplicationSupportsIndirectInputEvents = YES;
				INFOPLIST_KEY_UILaunchScreen_Generation = YES;
				INFOPLIST_KEY_UISupportedInterfaceOrientations_iPad = "UIInterfaceOrientationPortrait UIInterfaceOrientationPortraitUpsideDown UIInterfaceOrientationLandscapeLeft UIInterfaceOrientationLandscapeRight";
				INFOPLIST_KEY_UISupportedInterfaceOrientations_iPhone = "UIInterfaceOrientationPortrait UIInterfaceOrientationLandscapeLeft UIInterfaceOrientationLandscapeRight";
				LD_RUNPATH_SEARCH_PATHS = (
					"$(inherited)",
					"@executable_path/Frameworks",
				);
				MARKETING_VERSION = 1.0;
				PRODUCT_BUNDLE_IDENTIFIER = com.BarCrawlrV2;
				PRODUCT_NAME = "$(TARGET_NAME)";
				SWIFT_EMIT_LOC_STRINGS = YES;
				SWIFT_VERSION = 5.0;
				TARGETED_DEVICE_FAMILY = "1,2";
			};
			name = Debug;
		};
		4C2F33F628A99E03007A28B3 /* Release */ = {
			isa = XCBuildConfiguration;
			buildSettings = {
				ASSETCATALOG_COMPILER_APPICON_NAME = AppIcon;
				ASSETCATALOG_COMPILER_GLOBAL_ACCENT_COLOR_NAME = AccentColor;
				CODE_SIGN_STYLE = Automatic;
				CURRENT_PROJECT_VERSION = 1;
				DEVELOPMENT_ASSET_PATHS = "\"BarCrawlrV2/Preview Content\"";
				DEVELOPMENT_TEAM = 3ZLX8VSJT3;
				ENABLE_PREVIEWS = YES;
				GENERATE_INFOPLIST_FILE = YES;
				INFOPLIST_KEY_NSLocationAlwaysAndWhenInUseUsageDescription = "We use your location to find bars near you";
				INFOPLIST_KEY_NSLocationWhenInUseUsageDescription = "We use your location to find bars near you";
				INFOPLIST_KEY_UIApplicationSceneManifest_Generation = YES;
				INFOPLIST_KEY_UIApplicationSupportsIndirectInputEvents = YES;
				INFOPLIST_KEY_UILaunchScreen_Generation = YES;
				INFOPLIST_KEY_UISupportedInterfaceOrientations_iPad = "UIInterfaceOrientationPortrait UIInterfaceOrientationPortraitUpsideDown UIInterfaceOrientationLandscapeLeft UIInterfaceOrientationLandscapeRight";
				INFOPLIST_KEY_UISupportedInterfaceOrientations_iPhone = "UIInterfaceOrientationPortrait UIInterfaceOrientationLandscapeLeft UIInterfaceOrientationLandscapeRight";
				LD_RUNPATH_SEARCH_PATHS = (
					"$(inherited)",
					"@executable_path/Frameworks",
				);
				MARKETING_VERSION = 1.0;
				PRODUCT_BUNDLE_IDENTIFIER = com.BarCrawlrV2;
				PRODUCT_NAME = "$(TARGET_NAME)";
				SWIFT_EMIT_LOC_STRINGS = YES;
				SWIFT_VERSION = 5.0;
				TARGETED_DEVICE_FAMILY = "1,2";
			};
			name = Release;
		};
/* End XCBuildConfiguration section */

/* Begin XCConfigurationList section */
		4C2F33DC28A99E02007A28B3 /* Build configuration list for PBXProject "BarCrawlrV2" */ = {
			isa = XCConfigurationList;
			buildConfigurations = (
				4C2F33F228A99E03007A28B3 /* Debug */,
				4C2F33F328A99E03007A28B3 /* Release */,
			);
			defaultConfigurationIsVisible = 0;
			defaultConfigurationName = Release;
		};
		4C2F33F428A99E03007A28B3 /* Build configuration list for PBXNativeTarget "BarCrawlrV2" */ = {
			isa = XCConfigurationList;
			buildConfigurations = (
				4C2F33F528A99E03007A28B3 /* Debug */,
				4C2F33F628A99E03007A28B3 /* Release */,
			);
			defaultConfigurationIsVisible = 0;
			defaultConfigurationName = Release;
		};
/* End XCConfigurationList section */

/* Begin XCVersionGroup section */
		4CF3462828F3231500F48F76 /* User.xcdatamodeld */ = {
			isa = XCVersionGroup;
			children = (
				4CF3462928F3231500F48F76 /* Model.xcdatamodel */,
			);
			currentVersion = 4CF3462928F3231500F48F76 /* Model.xcdatamodel */;
			path = User.xcdatamodeld;
			sourceTree = "<group>";
			versionGroupType = wrapper.xcdatamodel;
		};
/* End XCVersionGroup section */
	};
	rootObject = 4C2F33D928A99E02007A28B3 /* Project object */;
}
